
Microsoft Visual Studio Solution File, Format Version 12.00
# Visual Studio Version 16
VisualStudioVersion = 16.0.29519.181
MinimumVisualStudioVersion = 10.0.40219.1
Project("{FAE04EC0-301F-11D3-BF4B-00C04F79EFBC}") = "w3bot", "w3botLauncher\w3bot.csproj", "{5F4B672F-4B33-4750-97F5-53560B17EC0A}"
EndProject
Global
	GlobalSection(SolutionConfigurationPlatforms) = preSolution
		Debug|Any CPU = Debug|Any CPU
		Release|Any CPU = Release|Any CPU
	EndGlobalSection
	GlobalSection(ProjectConfigurationPlatforms) = postSolution
		{5F4B672F-4B33-4750-97F5-53560B17EC0A}.Debug|Any CPU.ActiveCfg = Debug|Any CPU
		{5F4B672F-4B33-4750-97F5-53560B17EC0A}.Debug|Any CPU.Build.0 = Debug|Any CPU
		{5F4B672F-4B33-4750-97F5-53560B17EC0A}.Release|Any CPU.ActiveCfg = Release|Any CPU
		{5F4B672F-4B33-4750-97F5-53560B17EC0A}.Release|Any CPU.Build.0 = Release|Any CPU
	EndGlobalSection
	GlobalSection(SolutionProperties) = preSolution
		HideSolutionNode = FALSE
	EndGlobalSection
	GlobalSection(ExtensibilityGlobals) = postSolution
		SolutionGuid = {6C7C80F4-DF08-4F13-9847-F5C8DB00992E}
	EndGlobalSection
EndGlobal
